
Microsoft Visual Studio Solution File, Format Version 12.00
# Visual Studio 2015
Project("{FAE04EC0-301F-11D3-BF4B-00C04F79EFBC}") = "nai", "nai.csproj", "{5F8B326D-3BB6-F773-9D72-8CF051A52364}"
EndProject
Project("{FAE04EC0-301F-11D3-BF4B-00C04F79EFBC}") = "nai.Editor", "nai.Editor.csproj", "{649FC8FF-B887-0E28-49E4-CD22185222C4}"
EndProject
Global
	GlobalSection(SolutionConfigurationPlatforms) = preSolution
		Debug|Any CPU = Debug|Any CPU
		Release|Any CPU = Release|Any CPU
	EndGlobalSection
	GlobalSection(ProjectConfigurationPlatforms) = postSolution
		{5F8B326D-3BB6-F773-9D72-8CF051A52364}.Debug|Any CPU.ActiveCfg = Debug|Any CPU
		{5F8B326D-3BB6-F773-9D72-8CF051A52364}.Debug|Any CPU.Build.0 = Debug|Any CPU
		{5F8B326D-3BB6-F773-9D72-8CF051A52364}.Release|Any CPU.ActiveCfg = Release|Any CPU
		{5F8B326D-3BB6-F773-9D72-8CF051A52364}.Release|Any CPU.Build.0 = Release|Any CPU
		{649FC8FF-B887-0E28-49E4-CD22185222C4}.Debug|Any CPU.ActiveCfg = Debug|Any CPU
		{649FC8FF-B887-0E28-49E4-CD22185222C4}.Debug|Any CPU.Build.0 = Debug|Any CPU
		{649FC8FF-B887-0E28-49E4-CD22185222C4}.Release|Any CPU.ActiveCfg = Release|Any CPU
		{649FC8FF-B887-0E28-49E4-CD22185222C4}.Release|Any CPU.Build.0 = Release|Any CPU
	EndGlobalSection
	GlobalSection(SolutionProperties) = preSolution
		HideSolutionNode = FALSE
	EndGlobalSection
EndGlobal
